
Microsoft Visual Studio Solution File, Format Version 12.00
Project("{FAE04EC0-301F-11D3-BF4B-00C04F79EFBC}") = "WebApp", "WebApp\WebApp.csproj", "{B4C5A919-0F17-4081-889A-FFF2B0909130}"
EndProject
Project("{FAE04EC0-301F-11D3-BF4B-00C04F79EFBC}") = "Domain", "Domain\Domain.csproj", "{A8671049-D989-4325-8BB8-5973130F6833}"
EndProject
Project("{FAE04EC0-301F-11D3-BF4B-00C04F79EFBC}") = "DAL", "DAL\DAL.csproj", "{C2A2C99F-6957-4CBE-A4BC-9F386441F66D}"
EndProject
Global
	GlobalSection(SolutionConfigurationPlatforms) = preSolution
		Debug|Any CPU = Debug|Any CPU
		Release|Any CPU = Release|Any CPU
	EndGlobalSection
	GlobalSection(ProjectConfigurationPlatforms) = postSolution
		{B4C5A919-0F17-4081-889A-FFF2B0909130}.Debug|Any CPU.ActiveCfg = Debug|Any CPU
		{B4C5A919-0F17-4081-889A-FFF2B0909130}.Debug|Any CPU.Build.0 = Debug|Any CPU
		{B4C5A919-0F17-4081-889A-FFF2B0909130}.Release|Any CPU.ActiveCfg = Release|Any CPU
		{B4C5A919-0F17-4081-889A-FFF2B0909130}.Release|Any CPU.Build.0 = Release|Any CPU
		{A8671049-D989-4325-8BB8-5973130F6833}.Debug|Any CPU.ActiveCfg = Debug|Any CPU
		{A8671049-D989-4325-8BB8-5973130F6833}.Debug|Any CPU.Build.0 = Debug|Any CPU
		{A8671049-D989-4325-8BB8-5973130F6833}.Release|Any CPU.ActiveCfg = Release|Any CPU
		{A8671049-D989-4325-8BB8-5973130F6833}.Release|Any CPU.Build.0 = Release|Any CPU
		{C2A2C99F-6957-4CBE-A4BC-9F386441F66D}.Debug|Any CPU.ActiveCfg = Debug|Any CPU
		{C2A2C99F-6957-4CBE-A4BC-9F386441F66D}.Debug|Any CPU.Build.0 = Debug|Any CPU
		{C2A2C99F-6957-4CBE-A4BC-9F386441F66D}.Release|Any CPU.ActiveCfg = Release|Any CPU
		{C2A2C99F-6957-4CBE-A4BC-9F386441F66D}.Release|Any CPU.Build.0 = Release|Any CPU
	EndGlobalSection
EndGlobal
